
Microsoft Visual Studio Solution File, Format Version 12.00
# Visual Studio Version 16
VisualStudioVersion = 16.0.29509.3
MinimumVisualStudioVersion = 10.0.40219.1
Project("{FAE04EC0-301F-11D3-BF4B-00C04F79EFBC}") = "EditingStatePoc", "EditingStatePoc\EditingStatePoc.csproj", "{5C547FB1-88DB-4F23-93E2-DA71628691B9}"
EndProject
Global
	GlobalSection(SolutionConfigurationPlatforms) = preSolution
		Debug|Any CPU = Debug|Any CPU
		Release|Any CPU = Release|Any CPU
	EndGlobalSection
	GlobalSection(ProjectConfigurationPlatforms) = postSolution
		{5C547FB1-88DB-4F23-93E2-DA71628691B9}.Debug|Any CPU.ActiveCfg = Debug|Any CPU
		{5C547FB1-88DB-4F23-93E2-DA71628691B9}.Debug|Any CPU.Build.0 = Debug|Any CPU
		{5C547FB1-88DB-4F23-93E2-DA71628691B9}.Release|Any CPU.ActiveCfg = Release|Any CPU
		{5C547FB1-88DB-4F23-93E2-DA71628691B9}.Release|Any CPU.Build.0 = Release|Any CPU
	EndGlobalSection
	GlobalSection(SolutionProperties) = preSolution
		HideSolutionNode = FALSE
	EndGlobalSection
	GlobalSection(ExtensibilityGlobals) = postSolution
		SolutionGuid = {0EAE116B-E2D6-4754-BD1E-2F3C35EE1FFD}
	EndGlobalSection
EndGlobal
